
Microsoft Visual Studio Solution File, Format Version 12.00
# Visual Studio Version 16
VisualStudioVersion = 25.0.1706.0
MinimumVisualStudioVersion = 10.0.40219.1
Project("{FAE04EC0-301F-11D3-BF4B-00C04F79EFBC}") = "LINQUExamples_2", "LINQUExamples_2\LINQUExamples_2.csproj", "{93885145-E734-431D-872F-249079A949BD}"
EndProject
Global
	GlobalSection(SolutionConfigurationPlatforms) = preSolution
		Debug|Any CPU = Debug|Any CPU
		Release|Any CPU = Release|Any CPU
	EndGlobalSection
	GlobalSection(ProjectConfigurationPlatforms) = postSolution
		{93885145-E734-431D-872F-249079A949BD}.Debug|Any CPU.ActiveCfg = Debug|Any CPU
		{93885145-E734-431D-872F-249079A949BD}.Debug|Any CPU.Build.0 = Debug|Any CPU
		{93885145-E734-431D-872F-249079A949BD}.Release|Any CPU.ActiveCfg = Release|Any CPU
		{93885145-E734-431D-872F-249079A949BD}.Release|Any CPU.Build.0 = Release|Any CPU
	EndGlobalSection
	GlobalSection(SolutionProperties) = preSolution
		HideSolutionNode = FALSE
	EndGlobalSection
	GlobalSection(ExtensibilityGlobals) = postSolution
		SolutionGuid = {DDF46778-A9E1-4F94-A22B-4FDDE7CED6B3}
	EndGlobalSection
EndGlobal
