
Microsoft Visual Studio Solution File, Format Version 12.00
# Visual Studio Version 16
VisualStudioVersion = 25.0.1706.0
MinimumVisualStudioVersion = 10.0.40219.1
Project("{FAE04EC0-301F-11D3-BF4B-00C04F79EFBC}") = "LINQExapmles_1", "LINQExapmles_1\LINQExapmles_1.csproj", "{B5509195-AA8E-4E2B-B830-A1C4920732F9}"
EndProject
Global
	GlobalSection(SolutionConfigurationPlatforms) = preSolution
		Debug|Any CPU = Debug|Any CPU
		Release|Any CPU = Release|Any CPU
	EndGlobalSection
	GlobalSection(ProjectConfigurationPlatforms) = postSolution
		{B5509195-AA8E-4E2B-B830-A1C4920732F9}.Debug|Any CPU.ActiveCfg = Debug|Any CPU
		{B5509195-AA8E-4E2B-B830-A1C4920732F9}.Debug|Any CPU.Build.0 = Debug|Any CPU
		{B5509195-AA8E-4E2B-B830-A1C4920732F9}.Release|Any CPU.ActiveCfg = Release|Any CPU
		{B5509195-AA8E-4E2B-B830-A1C4920732F9}.Release|Any CPU.Build.0 = Release|Any CPU
	EndGlobalSection
	GlobalSection(SolutionProperties) = preSolution
		HideSolutionNode = FALSE
	EndGlobalSection
	GlobalSection(ExtensibilityGlobals) = postSolution
		SolutionGuid = {1A362EC0-EB8D-49C3-8AF6-4E910F84441D}
	EndGlobalSection
EndGlobal
